
Microsoft Visual Studio Solution File, Format Version 11.00
# Visual Studio 2010
# SharpDevelop 4.2.2.8818
Project("{FAE04EC0-301F-11D3-BF4B-00C04F79EFBC}") = "DonPedro", "DonPedro\DonPedro.csproj", "{0018F217-9DBD-494A-8FE3-0570E7D95367}"
EndProject
Project("{FAE04EC0-301F-11D3-BF4B-00C04F79EFBC}") = "DonPedro.DTO", "DonPedro.DTO\DonPedro.DTO.csproj", "{2D5CC727-4B81-4980-80C8-D078B1559C55}"
EndProject
Project("{FAE04EC0-301F-11D3-BF4B-00C04F79EFBC}") = "DonPedro.Detectors", "DonPedro.Detectors\DonPedro.Detectors.csproj", "{EB6119E6-490C-441D-B39D-A69016C21464}"
EndProject
Project("{FAE04EC0-301F-11D3-BF4B-00C04F79EFBC}") = "DonPedro.Utils", "DonPedro.Utils\DonPedro.Utils.csproj", "{66ED9F1D-C781-4EBB-BC39-3D7E600C89E9}"
EndProject
Global
	GlobalSection(SolutionConfigurationPlatforms) = preSolution
		Debug|x86 = Debug|x86
		Release|x86 = Release|x86
	EndGlobalSection
	GlobalSection(ProjectConfigurationPlatforms) = postSolution
		{0018F217-9DBD-494A-8FE3-0570E7D95367}.Debug|x86.Build.0 = Debug|x86
		{0018F217-9DBD-494A-8FE3-0570E7D95367}.Debug|x86.ActiveCfg = Debug|x86
		{0018F217-9DBD-494A-8FE3-0570E7D95367}.Release|x86.Build.0 = Release|x86
		{0018F217-9DBD-494A-8FE3-0570E7D95367}.Release|x86.ActiveCfg = Release|x86
		{2D5CC727-4B81-4980-80C8-D078B1559C55}.Debug|x86.Build.0 = Debug|x86
		{2D5CC727-4B81-4980-80C8-D078B1559C55}.Debug|x86.ActiveCfg = Debug|x86
		{2D5CC727-4B81-4980-80C8-D078B1559C55}.Release|x86.Build.0 = Release|x86
		{2D5CC727-4B81-4980-80C8-D078B1559C55}.Release|x86.ActiveCfg = Release|x86
		{EB6119E6-490C-441D-B39D-A69016C21464}.Debug|x86.Build.0 = Debug|x86
		{EB6119E6-490C-441D-B39D-A69016C21464}.Debug|x86.ActiveCfg = Debug|x86
		{EB6119E6-490C-441D-B39D-A69016C21464}.Release|x86.Build.0 = Release|x86
		{EB6119E6-490C-441D-B39D-A69016C21464}.Release|x86.ActiveCfg = Release|x86
		{66ED9F1D-C781-4EBB-BC39-3D7E600C89E9}.Debug|x86.Build.0 = Debug|x86
		{66ED9F1D-C781-4EBB-BC39-3D7E600C89E9}.Debug|x86.ActiveCfg = Debug|x86
		{66ED9F1D-C781-4EBB-BC39-3D7E600C89E9}.Release|x86.Build.0 = Release|x86
		{66ED9F1D-C781-4EBB-BC39-3D7E600C89E9}.Release|x86.ActiveCfg = Release|x86
	EndGlobalSection
EndGlobal
